
Microsoft Visual Studio Solution File, Format Version 12.00
# Visual Studio Version 17
VisualStudioVersion = 17.5.002.0
MinimumVisualStudioVersion = 10.0.40219.1
Project("{9A19103F-16F7-4668-BE54-9A1E7A4F7556}") = "MYwishlist", "MYwishlist.csproj", "{21957FE8-CC48-43C6-A4DF-9BA65C6A4860}"
EndProject
Global
	GlobalSection(SolutionConfigurationPlatforms) = preSolution
		Debug|Any CPU = Debug|Any CPU
		Release|Any CPU = Release|Any CPU
	EndGlobalSection
	GlobalSection(ProjectConfigurationPlatforms) = postSolution
		{21957FE8-CC48-43C6-A4DF-9BA65C6A4860}.Debug|Any CPU.ActiveCfg = Debug|Any CPU
		{21957FE8-CC48-43C6-A4DF-9BA65C6A4860}.Debug|Any CPU.Build.0 = Debug|Any CPU
		{21957FE8-CC48-43C6-A4DF-9BA65C6A4860}.Release|Any CPU.ActiveCfg = Release|Any CPU
		{21957FE8-CC48-43C6-A4DF-9BA65C6A4860}.Release|Any CPU.Build.0 = Release|Any CPU
	EndGlobalSection
	GlobalSection(SolutionProperties) = preSolution
		HideSolutionNode = FALSE
	EndGlobalSection
	GlobalSection(ExtensibilityGlobals) = postSolution
		SolutionGuid = {EAA72E7B-9986-46EA-B44C-EA5DC1B9BC68}
	EndGlobalSection
EndGlobal
