
Microsoft Visual Studio Solution File, Format Version 12.00
# Visual Studio Version 17
VisualStudioVersion = 17.4.33213.308
MinimumVisualStudioVersion = 10.0.40219.1
Project("{FAE04EC0-301F-11D3-BF4B-00C04F79EFBC}") = "MYwishlist", "MYwishlist\MYwishlist.csproj", "{5659885D-68C1-4D8C-B773-D7891067067E}"
EndProject
Project("{FAE04EC0-301F-11D3-BF4B-00C04F79EFBC}") = "Wish", "Wish\Wish.csproj", "{150B6B1C-68F7-4CC7-9D16-727D10E63A59}"
EndProject
Project("{FAE04EC0-301F-11D3-BF4B-00C04F79EFBC}") = "MyWhishlist.App", "MyWhishlist.App\MyWhishlist.App.csproj", "{0058719D-02A3-47A5-859A-EF25407AA5F4}"
EndProject
Global
	GlobalSection(SolutionConfigurationPlatforms) = preSolution
		Debug|Any CPU = Debug|Any CPU
		Release|Any CPU = Release|Any CPU
	EndGlobalSection
	GlobalSection(ProjectConfigurationPlatforms) = postSolution
		{5659885D-68C1-4D8C-B773-D7891067067E}.Debug|Any CPU.ActiveCfg = Debug|Any CPU
		{5659885D-68C1-4D8C-B773-D7891067067E}.Debug|Any CPU.Build.0 = Debug|Any CPU
		{5659885D-68C1-4D8C-B773-D7891067067E}.Release|Any CPU.ActiveCfg = Release|Any CPU
		{5659885D-68C1-4D8C-B773-D7891067067E}.Release|Any CPU.Build.0 = Release|Any CPU
		{150B6B1C-68F7-4CC7-9D16-727D10E63A59}.Debug|Any CPU.ActiveCfg = Debug|Any CPU
		{150B6B1C-68F7-4CC7-9D16-727D10E63A59}.Debug|Any CPU.Build.0 = Debug|Any CPU
		{150B6B1C-68F7-4CC7-9D16-727D10E63A59}.Release|Any CPU.ActiveCfg = Release|Any CPU
		{150B6B1C-68F7-4CC7-9D16-727D10E63A59}.Release|Any CPU.Build.0 = Release|Any CPU
		{0058719D-02A3-47A5-859A-EF25407AA5F4}.Debug|Any CPU.ActiveCfg = Debug|Any CPU
		{0058719D-02A3-47A5-859A-EF25407AA5F4}.Debug|Any CPU.Build.0 = Debug|Any CPU
		{0058719D-02A3-47A5-859A-EF25407AA5F4}.Release|Any CPU.ActiveCfg = Release|Any CPU
		{0058719D-02A3-47A5-859A-EF25407AA5F4}.Release|Any CPU.Build.0 = Release|Any CPU
	EndGlobalSection
	GlobalSection(SolutionProperties) = preSolution
		HideSolutionNode = FALSE
	EndGlobalSection
	GlobalSection(ExtensibilityGlobals) = postSolution
		SolutionGuid = {375A5359-466D-499A-B218-19D12C9677C2}
	EndGlobalSection
EndGlobal
